{
  "object": {
    "pins": [
      {
        "package": "SwiftUIPullToRefresh",
        "repositoryURL": "https://github.com/AppPear/SwiftUI-PullToRefresh",
        "state": {
          "branch": null,
          "revision": "5850f1ead6c4931015231bde26f38b9f543342aa",
          "version": "1.0.0"
        }
      },
      {
        "package": "ViewInspector",
        "repositoryURL": "https://github.com/nalexn/ViewInspector",
        "state": {
          "branch": null,
          "revision": "ec943ed718cd293b95f17a2b81e8917d6ed70752",
          "version": "0.3.8"
        }
      }
    ]
  },
  "version": 1
}
